{
  "name": "new-quote-manager",
  "lockfileVersion": 3,
  "requires": true,
  "packages": {
    "": {
      "dependencies": {
        "@tanstack/react-query": "^5.65.1"
      }
    },
    "node_modules/@tanstack/query-core": {
      "version": "5.65.0",
      "resolved": "https://registry.npmjs.org/@tanstack/query-core/-/query-core-5.65.0.tgz",
      "integrity": "sha512-Bnnq/1axf00r2grRT6gUyIkZRKzhHs+p4DijrCQ3wMlA3D3TTT71gtaSLtqnzGddj73/7X5JDGyjiSLdjvQN4w==",
      "license": "MIT",
      "funding": {
        "type": "github",
        "url": "https://github.com/sponsors/tannerlinsley"
      }
    },
    "node_modules/@tanstack/react-query": {
      "version": "5.65.1",
      "resolved": "https://registry.npmjs.org/@tanstack/react-query/-/react-query-5.65.1.tgz",
      "integrity": "sha512-BSpjo4RQdJ75Mw3pqM1AJYNhanNxJE3ct7RmCZUAv9cUJg/Qmonzc/Xy2kKXeQA1InuKATSuc6pOZciWOF8TYQ==",
      "license": "MIT",
      "dependencies": {
        "@tanstack/query-core": "5.65.0"
      },
      "funding": {
        "type": "github",
        "url": "https://github.com/sponsors/tannerlinsley"
      },
      "peerDependencies": {
        "react": "^18 || ^19"
      }
    },
    "node_modules/react": {
      "version": "19.0.0",
      "resolved": "https://registry.npmjs.org/react/-/react-19.0.0.tgz",
      "integrity": "sha512-V8AVnmPIICiWpGfm6GLzCR/W5FXLchHop40W4nXBmdlEceh16rCN8O8LNWm5bh5XUX91fh7KpA+W0TgMKmgTpQ==",
      "license": "MIT",
      "peer": true,
      "engines": {
        "node": ">=0.10.0"
      }
    }
  }
}
